
Microsoft Visual Studio Solution File, Format Version 12.00
# Visual Studio Version 17
VisualStudioVersion = 17.0.32112.339
MinimumVisualStudioVersion = 10.0.40219.1
Project("{FAE04EC0-301F-11D3-BF4B-00C04F79EFBC}") = "UserRegistration", "UserRegistration.csproj", "{CDED59E1-067F-4E4D-86FA-E4FF10F50C91}"
EndProject
Global
	GlobalSection(SolutionConfigurationPlatforms) = preSolution
		Debug|Any CPU = Debug|Any CPU
		Release|Any CPU = Release|Any CPU
	EndGlobalSection
	GlobalSection(ProjectConfigurationPlatforms) = postSolution
		{CDED59E1-067F-4E4D-86FA-E4FF10F50C91}.Debug|Any CPU.ActiveCfg = Debug|Any CPU
		{CDED59E1-067F-4E4D-86FA-E4FF10F50C91}.Debug|Any CPU.Build.0 = Debug|Any CPU
		{CDED59E1-067F-4E4D-86FA-E4FF10F50C91}.Release|Any CPU.ActiveCfg = Release|Any CPU
		{CDED59E1-067F-4E4D-86FA-E4FF10F50C91}.Release|Any CPU.Build.0 = Release|Any CPU
	EndGlobalSection
	GlobalSection(SolutionProperties) = preSolution
		HideSolutionNode = FALSE
	EndGlobalSection
	GlobalSection(ExtensibilityGlobals) = postSolution
		SolutionGuid = {C9149D65-01BD-4BA1-8BCC-F6434D41DC58}
	EndGlobalSection
EndGlobal
